{
    "name": "ecs-service-model",
    "version": "0.1.0",
    "lockfileVersion": 1,
    "requires": true,
    "dependencies": {
        "@aws-cdk/assets": {
            "version": "0.18.1",
            "resolved": "https://registry.npmjs.org/@aws-cdk/assets/-/assets-0.18.1.tgz",
            "integrity": "sha512-8BaWSXXEKelBK+91eLVN+GDWQLWSEEoYT7/9yY5UkNLqvgkY0BloKnob13iiPE3Vf7k2Jt3pKaeAz24hgoqAqg==",
            "requires": {
                "@aws-cdk/aws-iam": "^0.18.1",
                "@aws-cdk/aws-s3": "^0.18.1",
                "@aws-cdk/cdk": "^0.18.1",
                "@aws-cdk/cx-api": "^0.18.1"
            }
        },
        "@aws-cdk/aws-applicationautoscaling": {
            "version": "0.18.1",
            "resolved": "https://registry.npmjs.org/@aws-cdk/aws-applicationautoscaling/-/aws-applicationautoscaling-0.18.1.tgz",
            "integrity": "sha512-TTmwsYAHz+399RU57SA1ZL2K2EMxpnteRQizrC3eqi7z3RcJQTOV28QxJnPoUv0rjsXO7TMw32D4ki/c7H2qCg==",
            "requires": {
                "@aws-cdk/aws-autoscaling-common": "^0.18.1",
                "@aws-cdk/aws-cloudwatch": "^0.18.1",
                "@aws-cdk/aws-iam": "^0.18.1",
                "@aws-cdk/cdk": "^0.18.1"
            }
        },
        "@aws-cdk/aws-autoscaling": {
            "version": "0.18.1",
            "resolved": "https://registry.npmjs.org/@aws-cdk/aws-autoscaling/-/aws-autoscaling-0.18.1.tgz",
            "integrity": "sha512-mGjy7UCXt7foRq4eetBKfjgytD5M7YTXLHEeOaBFld52wnwKBT3kSpdElFAnARk7zKjFkx5+zW4njUrgvfSidg==",
            "requires": {
                "@aws-cdk/aws-autoscaling-api": "^0.18.1",
                "@aws-cdk/aws-autoscaling-common": "^0.18.1",
                "@aws-cdk/aws-cloudwatch": "^0.18.1",
                "@aws-cdk/aws-ec2": "^0.18.1",
                "@aws-cdk/aws-elasticloadbalancing": "^0.18.1",
                "@aws-cdk/aws-elasticloadbalancingv2": "^0.18.1",
                "@aws-cdk/aws-iam": "^0.18.1",
                "@aws-cdk/aws-sns": "^0.18.1",
                "@aws-cdk/cdk": "^0.18.1"
            }
        },
        "@aws-cdk/aws-autoscaling-api": {
            "version": "0.18.1",
            "resolved": "https://registry.npmjs.org/@aws-cdk/aws-autoscaling-api/-/aws-autoscaling-api-0.18.1.tgz",
            "integrity": "sha512-UVwRPrHB1HFOSnpGKOxt2dj6dHj0FmI5MSPnaA1TYytQ8S4Kc9l1acJKsPruqJN+znnho8kn2FB1DmIvRxOpOw==",
            "requires": {
                "@aws-cdk/aws-iam": "^0.18.1",
                "@aws-cdk/cdk": "^0.18.1"
            }
        },
        "@aws-cdk/aws-autoscaling-common": {
            "version": "0.18.1",
            "resolved": "https://registry.npmjs.org/@aws-cdk/aws-autoscaling-common/-/aws-autoscaling-common-0.18.1.tgz",
            "integrity": "sha512-RKaXeR3DRXLyFFHbsrrzIK8PUG7IW35EGetAWbBfwl0UrvOp/79HISoysmpwBqd4XzYKGfH+TH/UmWVwbZTZZA==",
            "requires": {
                "@aws-cdk/aws-iam": "^0.18.1",
                "@aws-cdk/cdk": "^0.18.1"
            }
        },
        "@aws-cdk/aws-certificatemanager": {
            "version": "0.18.1",
            "resolved": "https://registry.npmjs.org/@aws-cdk/aws-certificatemanager/-/aws-certificatemanager-0.18.1.tgz",
            "integrity": "sha512-YC/NVsDwf8+ybUow/YomhMQFy65fgZ6AOQRgjeNIpAHEOBNibInsFi03ULljKIUQ+eSx70p9sjVmDdFo0kBmfg==",
            "requires": {
                "@aws-cdk/aws-iam": "^0.18.1",
                "@aws-cdk/cdk": "^0.18.1"
            }
        },
        "@aws-cdk/aws-cloudformation": {
            "version": "0.18.1",
            "resolved": "https://registry.npmjs.org/@aws-cdk/aws-cloudformation/-/aws-cloudformation-0.18.1.tgz",
            "integrity": "sha512-p7YrXRGdxZgZpi1iWEskrODyYAgpMdricyPHW2JUxB/KUvVcmuuGCqnVKwlMNu/cV2/XYZ6s7oTnJ7jq9aynkQ==",
            "requires": {
                "@aws-cdk/aws-codepipeline-api": "^0.18.1",
                "@aws-cdk/aws-iam": "^0.18.1",
                "@aws-cdk/aws-lambda": "^0.18.1",
                "@aws-cdk/aws-sns": "^0.18.1",
                "@aws-cdk/cdk": "^0.18.1"
            }
        },
        "@aws-cdk/aws-cloudwatch": {
            "version": "0.18.1",
            "resolved": "https://registry.npmjs.org/@aws-cdk/aws-cloudwatch/-/aws-cloudwatch-0.18.1.tgz",
            "integrity": "sha512-Lhlcs2wVEw8LPmNHRuZwfY7QOWwFIvwnzkOArJDRCVgjKLYi2g0rdpPdNZj4O27qsw1g1LwFKJcaUZSuecpLUw==",
            "requires": {
                "@aws-cdk/aws-iam": "^0.18.1",
                "@aws-cdk/cdk": "^0.18.1"
            }
        },
        "@aws-cdk/aws-codedeploy-api": {
            "version": "0.18.1",
            "resolved": "https://registry.npmjs.org/@aws-cdk/aws-codedeploy-api/-/aws-codedeploy-api-0.18.1.tgz",
            "integrity": "sha512-g7KTMGru2VYdEXBgywVMbeny6T2zIiYbm7oM6rkNUl/ttryhgeDLaT/jnsch9X+XSuswpm5GSxIyHuxDHG9rOA==",
            "requires": {
                "@aws-cdk/cdk": "^0.18.1"
            }
        },
        "@aws-cdk/aws-codepipeline-api": {
            "version": "0.18.1",
            "resolved": "https://registry.npmjs.org/@aws-cdk/aws-codepipeline-api/-/aws-codepipeline-api-0.18.1.tgz",
            "integrity": "sha512-YyPhtLZUeF9Aa0Wn25Jcj2LN7JSQ5DCq5j7UpSgHQ9GAEM3qAXSlcm1KRoKXS9byGGSUsBr3XfkshFo3OciHkw==",
            "requires": {
                "@aws-cdk/aws-events": "^0.18.1",
                "@aws-cdk/aws-iam": "^0.18.1",
                "@aws-cdk/cdk": "^0.18.1"
            }
        },
        "@aws-cdk/aws-ec2": {
            "version": "0.18.1",
            "resolved": "https://registry.npmjs.org/@aws-cdk/aws-ec2/-/aws-ec2-0.18.1.tgz",
            "integrity": "sha512-fiyZQRnSNaI51lU0KS96y8+Cs1JOkgXKy/p0iwqzZGg5oJvcXLZxR3pmic5ENFZVyqk2h9qv0lHPtH88v17uMQ==",
            "requires": {
                "@aws-cdk/aws-iam": "^0.18.1",
                "@aws-cdk/cdk": "^0.18.1",
                "@aws-cdk/cx-api": "^0.18.1"
            }
        },
        "@aws-cdk/aws-ecr": {
            "version": "0.18.1",
            "resolved": "https://registry.npmjs.org/@aws-cdk/aws-ecr/-/aws-ecr-0.18.1.tgz",
            "integrity": "sha512-gXcJeu2zK3RXZD07WUdNJLLWK2tgffHFgh/JYgPCEpZTWPvPMEHTK5gGnJmbkV3QrDdC+G7RrGVi6eFr9qqyKg==",
            "requires": {
                "@aws-cdk/aws-iam": "^0.18.1",
                "@aws-cdk/cdk": "^0.18.1"
            }
        },
        "@aws-cdk/aws-ecs": {
            "version": "0.18.1",
            "resolved": "https://registry.npmjs.org/@aws-cdk/aws-ecs/-/aws-ecs-0.18.1.tgz",
            "integrity": "sha512-GQZkBJk7HNM6/dnbflInaEHtbfcgWB602292X/5SRauD0p7Lk7WZQc1fzo9llrTMf/xsuFxxQxZESLONU69HnQ==",
            "requires": {
                "@aws-cdk/aws-applicationautoscaling": "^0.18.1",
                "@aws-cdk/aws-autoscaling": "^0.18.1",
                "@aws-cdk/aws-certificatemanager": "^0.18.1",
                "@aws-cdk/aws-cloudformation": "^0.18.1",
                "@aws-cdk/aws-cloudwatch": "^0.18.1",
                "@aws-cdk/aws-ec2": "^0.18.1",
                "@aws-cdk/aws-ecr": "^0.18.1",
                "@aws-cdk/aws-elasticloadbalancing": "^0.18.1",
                "@aws-cdk/aws-elasticloadbalancingv2": "^0.18.1",
                "@aws-cdk/aws-iam": "^0.18.1",
                "@aws-cdk/aws-lambda": "^0.18.1",
                "@aws-cdk/aws-logs": "^0.18.1",
                "@aws-cdk/aws-route53": "^0.18.1",
                "@aws-cdk/aws-sns": "^0.18.1",
                "@aws-cdk/cdk": "^0.18.1",
                "@aws-cdk/cx-api": "^0.18.1"
            }
        },
        "@aws-cdk/aws-elasticloadbalancing": {
            "version": "0.18.1",
            "resolved": "https://registry.npmjs.org/@aws-cdk/aws-elasticloadbalancing/-/aws-elasticloadbalancing-0.18.1.tgz",
            "integrity": "sha512-wPa8TYpbO223o+JkospVgSj3QTp1iXL02XLp9EOJA9JikZRH5+mObJXfgcV7dJVYrBX1LBvs3d9oRlyorJt+mw==",
            "requires": {
                "@aws-cdk/aws-codedeploy-api": "^0.18.1",
                "@aws-cdk/aws-ec2": "^0.18.1",
                "@aws-cdk/cdk": "^0.18.1"
            }
        },
        "@aws-cdk/aws-elasticloadbalancingv2": {
            "version": "0.18.1",
            "resolved": "https://registry.npmjs.org/@aws-cdk/aws-elasticloadbalancingv2/-/aws-elasticloadbalancingv2-0.18.1.tgz",
            "integrity": "sha512-RQJPJ+1LPc+guZBQbpLzqydQ4buk3RRF/H3tXbtdfT0FLGuQnq11VNnsRUirNqDodj0MjG2aOU9seeyOqslpXg==",
            "requires": {
                "@aws-cdk/aws-cloudwatch": "^0.18.1",
                "@aws-cdk/aws-codedeploy-api": "^0.18.1",
                "@aws-cdk/aws-ec2": "^0.18.1",
                "@aws-cdk/aws-iam": "^0.18.1",
                "@aws-cdk/aws-route53": "^0.18.1",
                "@aws-cdk/aws-s3": "^0.18.1",
                "@aws-cdk/cdk": "^0.18.1"
            }
        },
        "@aws-cdk/aws-events": {
            "version": "0.18.1",
            "resolved": "https://registry.npmjs.org/@aws-cdk/aws-events/-/aws-events-0.18.1.tgz",
            "integrity": "sha512-4oQnWNPmNXiRzijOv86AuWxogB2EPpMTLrW5VwnBs7Pqnyan076ambySoUE0IuMpM5UN7UJanJOIWdwZ/oAN5Q==",
            "requires": {
                "@aws-cdk/aws-iam": "^0.18.1",
                "@aws-cdk/cdk": "^0.18.1"
            }
        },
        "@aws-cdk/aws-iam": {
            "version": "0.18.1",
            "resolved": "https://registry.npmjs.org/@aws-cdk/aws-iam/-/aws-iam-0.18.1.tgz",
            "integrity": "sha512-/B6DDuHmVCAVX3NzzoJqJep3gFRg6t/co7ttC+YIyDolWtOLLZ4raP5KrdDoAKC/RWge3d62kUEqcaG0GkYLxg==",
            "requires": {
                "@aws-cdk/cdk": "^0.18.1"
            }
        },
        "@aws-cdk/aws-kms": {
            "version": "0.18.1",
            "resolved": "https://registry.npmjs.org/@aws-cdk/aws-kms/-/aws-kms-0.18.1.tgz",
            "integrity": "sha512-IRqXGMWkMDdngLad5DIGOkLiHiLltHX0CR8hnPtF8GK95GfrjC80ESkfBZdT4oloCTM5sk6L0MzKIrLWfew+wA==",
            "requires": {
                "@aws-cdk/aws-iam": "^0.18.1",
                "@aws-cdk/cdk": "^0.18.1"
            }
        },
        "@aws-cdk/aws-lambda": {
            "version": "0.18.1",
            "resolved": "https://registry.npmjs.org/@aws-cdk/aws-lambda/-/aws-lambda-0.18.1.tgz",
            "integrity": "sha512-WopukHFiDuxZcYACPmTSYRR/ngAa5zDb/kFQFmNu2x3HT/TN6WmE/BsqZOXgPDJeTq3mvOvf5cYBYSqBittp0A==",
            "requires": {
                "@aws-cdk/assets": "^0.18.1",
                "@aws-cdk/aws-cloudwatch": "^0.18.1",
                "@aws-cdk/aws-codepipeline-api": "^0.18.1",
                "@aws-cdk/aws-ec2": "^0.18.1",
                "@aws-cdk/aws-events": "^0.18.1",
                "@aws-cdk/aws-iam": "^0.18.1",
                "@aws-cdk/aws-logs": "^0.18.1",
                "@aws-cdk/aws-s3": "^0.18.1",
                "@aws-cdk/aws-s3-notifications": "^0.18.1",
                "@aws-cdk/aws-sqs": "^0.18.1",
                "@aws-cdk/aws-stepfunctions": "^0.18.1",
                "@aws-cdk/cdk": "^0.18.1",
                "@aws-cdk/cx-api": "^0.18.1"
            }
        },
        "@aws-cdk/aws-logs": {
            "version": "0.18.1",
            "resolved": "https://registry.npmjs.org/@aws-cdk/aws-logs/-/aws-logs-0.18.1.tgz",
            "integrity": "sha512-fFbz4M/bxrfnmR0yL2qnwQFQejHqjsNaqP6YEOrAFWeUmxH2gStxuJSwDzW+QUpQMsXuNnXEUe8d/xYBohvP1A==",
            "requires": {
                "@aws-cdk/aws-cloudwatch": "^0.18.1",
                "@aws-cdk/aws-iam": "^0.18.1",
                "@aws-cdk/cdk": "^0.18.1"
            }
        },
        "@aws-cdk/aws-route53": {
            "version": "0.18.1",
            "resolved": "https://registry.npmjs.org/@aws-cdk/aws-route53/-/aws-route53-0.18.1.tgz",
            "integrity": "sha512-izVyMD7WXvlrm0ZhqWsdzFuPxfDKpb0kQZRMZuCn7yAYbGEMVnilT+UIn8xw8yKLCX6i+e56295NNROt3TXRnw==",
            "requires": {
                "@aws-cdk/aws-ec2": "^0.18.1",
                "@aws-cdk/aws-logs": "^0.18.1",
                "@aws-cdk/cdk": "^0.18.1",
                "@aws-cdk/cx-api": "^0.18.1"
            }
        },
        "@aws-cdk/aws-s3": {
            "version": "0.18.1",
            "resolved": "https://registry.npmjs.org/@aws-cdk/aws-s3/-/aws-s3-0.18.1.tgz",
            "integrity": "sha512-fajfZDTDNH6iwWXJBrbQxX5nQU6PNjhUA7kOc0p0W8EStSQVGY9RQDVetqjnQQFE2X0oCOSee2/KYPX59Z1Yvg==",
            "requires": {
                "@aws-cdk/aws-codepipeline-api": "^0.18.1",
                "@aws-cdk/aws-iam": "^0.18.1",
                "@aws-cdk/aws-kms": "^0.18.1",
                "@aws-cdk/aws-s3-notifications": "^0.18.1",
                "@aws-cdk/cdk": "^0.18.1"
            }
        },
        "@aws-cdk/aws-s3-notifications": {
            "version": "0.18.1",
            "resolved": "https://registry.npmjs.org/@aws-cdk/aws-s3-notifications/-/aws-s3-notifications-0.18.1.tgz",
            "integrity": "sha512-pvLW0ODkPXlj59AQuBSn+ZCX0MriPmJo10Pp0zzfIpm7eSFdVpgHvCEvfRyly2kRcRHxYwgIsheiNLjyMpZRzA==",
            "requires": {
                "@aws-cdk/cdk": "^0.18.1"
            }
        },
        "@aws-cdk/aws-sns": {
            "version": "0.18.1",
            "resolved": "https://registry.npmjs.org/@aws-cdk/aws-sns/-/aws-sns-0.18.1.tgz",
            "integrity": "sha512-en8PjJ7LyNnXzUZ5PTjJujEujYsNy9DpNYFTlr0zR8EActqHJkEE8lKV4WTFlf2fQlcsYfsUScWqtYBir5JwVw==",
            "requires": {
                "@aws-cdk/aws-autoscaling-api": "^0.18.1",
                "@aws-cdk/aws-cloudwatch": "^0.18.1",
                "@aws-cdk/aws-events": "^0.18.1",
                "@aws-cdk/aws-iam": "^0.18.1",
                "@aws-cdk/aws-lambda": "^0.18.1",
                "@aws-cdk/aws-s3-notifications": "^0.18.1",
                "@aws-cdk/aws-sqs": "^0.18.1",
                "@aws-cdk/cdk": "^0.18.1"
            }
        },
        "@aws-cdk/aws-sqs": {
            "version": "0.18.1",
            "resolved": "https://registry.npmjs.org/@aws-cdk/aws-sqs/-/aws-sqs-0.18.1.tgz",
            "integrity": "sha512-6jdojp4vVuHZCti7smi99EKdC7PkUE+UpU4M55H4rApSs6e71zlAk6lXc0BqK0cIBuv5Cg3mKVkSF5CsAQ8Vyg==",
            "requires": {
                "@aws-cdk/aws-autoscaling-api": "^0.18.1",
                "@aws-cdk/aws-iam": "^0.18.1",
                "@aws-cdk/aws-kms": "^0.18.1",
                "@aws-cdk/aws-s3-notifications": "^0.18.1",
                "@aws-cdk/cdk": "^0.18.1"
            }
        },
        "@aws-cdk/aws-stepfunctions": {
            "version": "0.18.1",
            "resolved": "https://registry.npmjs.org/@aws-cdk/aws-stepfunctions/-/aws-stepfunctions-0.18.1.tgz",
            "integrity": "sha512-6CA0pTMkWr6QRpf68emryDAc4h+l2ogVvsFapl5RFZ+XenHlEuOMBpQttTZZjWE52HnI4XNCVrXnR/sI5TtRQQ==",
            "requires": {
                "@aws-cdk/aws-cloudwatch": "^0.18.1",
                "@aws-cdk/aws-events": "^0.18.1",
                "@aws-cdk/aws-iam": "^0.18.1",
                "@aws-cdk/cdk": "^0.18.1"
            }
        },
        "@aws-cdk/cdk": {
            "version": "0.18.1",
            "resolved": "https://registry.npmjs.org/@aws-cdk/cdk/-/cdk-0.18.1.tgz",
            "integrity": "sha512-TCZy6kVm4VLitaecXZ7Ge7g1THq8Jt+FXxcZ0ksC3J6dRe64cuEGDVSxNUlrZgohmgmze968jJaWF5dO1GCEtw==",
            "requires": {
                "@aws-cdk/cx-api": "^0.18.1",
                "js-base64": "^2.4.5",
                "json-diff": "^0.3.1"
            },
            "dependencies": {
                "cli-color": {
                    "version": "0.1.7",
                    "bundled": true,
                    "requires": {
                        "es5-ext": "0.8.x"
                    }
                },
                "difflib": {
                    "version": "0.2.4",
                    "bundled": true,
                    "requires": {
                        "heap": ">= 0.2.0"
                    }
                },
                "dreamopt": {
                    "version": "0.6.0",
                    "bundled": true,
                    "requires": {
                        "wordwrap": ">=0.0.2"
                    }
                },
                "es5-ext": {
                    "version": "0.8.2",
                    "bundled": true
                },
                "heap": {
                    "version": "0.2.6",
                    "bundled": true
                },
                "js-base64": {
                    "version": "2.4.9",
                    "bundled": true
                },
                "json-diff": {
                    "version": "0.3.1",
                    "bundled": true,
                    "requires": {
                        "cli-color": "~0.1.6",
                        "difflib": "~0.2.1",
                        "dreamopt": "~0.6.0"
                    }
                },
                "wordwrap": {
                    "version": "1.0.0",
                    "bundled": true
                }
            }
        },
        "@aws-cdk/cx-api": {
            "version": "0.18.1",
            "resolved": "https://registry.npmjs.org/@aws-cdk/cx-api/-/cx-api-0.18.1.tgz",
            "integrity": "sha512-8w9ePk2atdNzZZ+J4bW7RjIXPqHdvF/KH+nu/lUYZ7m27QUP4DmwwZkuHR+MSbqvJsT3y1CEM2oYeG5syFzjIA=="
        },
        "@types/node": {
            "version": "8.10.37",
            "resolved": "https://registry.npmjs.org/@types/node/-/node-8.10.37.tgz",
            "integrity": "sha512-Jp39foY8Euv/PG4OGPyzxis82mnjcUtXLEMA8oFMCE4ilmuJgZPdV2nZNV1moz+99EJTtcpOSgDCgATUwABKig==",
            "dev": true
        },
        "aws-cdk": {
            "version": "2.43.1",
            "resolved": "https://registry.npmjs.org/aws-cdk/-/aws-cdk-2.43.1.tgz",
            "integrity": "sha512-Y+Pomc+LdQ14h+CvFZg+FeqcLpV8MJcoFhqcoOtGi0xC8CkdGAWH+MfIWcqePk7OVOMIzDJP2eBdd9te2CrjcQ==",
            "dev": true,
            "requires": {
                "fsevents": "2.3.2"
            }
        },
        "fsevents": {
            "version": "2.3.2",
            "resolved": "https://registry.npmjs.org/fsevents/-/fsevents-2.3.2.tgz",
            "integrity": "sha512-xiqMQR4xAeHTuB9uWm+fFRcIOgKBMiOBP+eXiyT7jsgVCq1bkVygt00oASowB7EdtpOHaaPgKt812P9ab+DDKA==",
            "dev": true,
            "optional": true
        },
        "typescript": {
            "version": "3.1.6",
            "resolved": "https://registry.npmjs.org/typescript/-/typescript-3.1.6.tgz",
            "integrity": "sha512-tDMYfVtvpb96msS1lDX9MEdHrW4yOuZ4Kdc4Him9oU796XldPYF/t2+uKoX0BBa0hXXwDlqYQbXY5Rzjzc5hBA==",
            "dev": true
        }
    }
}
